{
  "requires": true,
  "lockfileVersion": 1,
  "dependencies": {
    "bootstrap": {
      "version": "4.5.3",
      "resolved": "https://registry.npmjs.org/bootstrap/-/bootstrap-4.5.3.tgz",
      "integrity": "sha512-o9ppKQioXGqhw8Z7mah6KdTYpNQY//tipnkxppWhPbiSWdD+1raYsnhwEZjkTHYbGee4cVQ0Rx65EhOY/HNLcQ=="
    },
    "jquery": {
      "version": "3.6.1",
      "resolved": "https://registry.npmjs.org/jquery/-/jquery-3.6.1.tgz",
      "integrity": "sha512-opJeO4nCucVnsjiXOE+/PcCgYw9Gwpvs/a6B1LL/lQhwWwpbVEVYDZ1FokFr8PRc7ghYlrFPuyHuiiDNTQxmcw=="
    },
    "ngx-bootstrap": {
      "version": "9.0.0",
      "resolved": "https://registry.npmjs.org/ngx-bootstrap/-/ngx-bootstrap-9.0.0.tgz",
      "integrity": "sha512-wVwKs1jIASzJrKSPUhOcHY8f39MKyG31SruJdVQ3S/v/PdBVmVuFUJL86Awc8F60di2xD9C4DzzGObkvsHbirw==",
      "requires": {
        "tslib": "^2.3.0"
      }
    },
    "ngx-order-pipe": {
      "version": "2.2.0",
      "resolved": "https://registry.npmjs.org/ngx-order-pipe/-/ngx-order-pipe-2.2.0.tgz",
      "integrity": "sha512-fym4A3j0XMqETskCm0tHUHQWCgB1p1MrIstFA3jCClJqNU9KjtQh/AE4C7srUkz9U3HIBIAN9D3ty2L9l/jvmA==",
      "requires": {
        "tslib": "^2.0.0"
      }
    },
    "popper.js": {
      "version": "1.16.1",
      "resolved": "https://registry.npmjs.org/popper.js/-/popper.js-1.16.1.tgz",
      "integrity": "sha512-Wb4p1J4zyFTbM+u6WuO4XstYx4Ky9Cewe4DWrel7B0w6VVICvPwdOpotjzcf6eD8TsckVnIMNONQyPIUFOUbCQ=="
    },
    "tslib": {
      "version": "2.4.0",
      "resolved": "https://registry.npmjs.org/tslib/-/tslib-2.4.0.tgz",
      "integrity": "sha512-d6xOpEDfsi2CZVlPQzGeux8XMwLT9hssAsaPYExaQMuYskwb+x1x7J371tWlbBdWHroy99KnVB6qIkUbs5X3UQ=="
    }
  }
}
